// !$*UTF8*$!
{
	archiveVersion = 1;
	classes = {
	};
	objectVersion = 46;
	objects = {

/* Begin PBXBuildFile section */
		0332102D1F06472600D94392 /* AppDelegate.swift in Sources */ = {isa = PBXBuildFile; fileRef = 0332102C1F06472600D94392 /* AppDelegate.swift */; };
		0332102F1F06472600D94392 /* ViewController.swift in Sources */ = {isa = PBXBuildFile; fileRef = 0332102E1F06472600D94392 /* ViewController.swift */; };
		033210311F06472600D94392 /* Assets.xcassets in Resources */ = {isa = PBXBuildFile; fileRef = 033210301F06472600D94392 /* Assets.xcassets */; };
		033210341F06472600D94392 /* Main.storyboard in Resources */ = {isa = PBXBuildFile; fileRef = 033210321F06472600D94392 /* Main.storyboard */; };
		0332103C1F06505200D94392 /* PrefsViewController.swift in Sources */ = {isa = PBXBuildFile; fileRef = 0332103B1F06505200D94392 /* PrefsViewController.swift */; };
		033210421F06573700D94392 /* EggTimer.swift in Sources */ = {isa = PBXBuildFile; fileRef = 033210411F06573700D94392 /* EggTimer.swift */; };
		033210441F067B0D00D94392 /* Preferences.swift in Sources */ = {isa = PBXBuildFile; fileRef = 033210431F067B0D00D94392 /* Preferences.swift */; };
		033210461F06828A00D94392 /* ding.mp3 in Resources */ = {isa = PBXBuildFile; fileRef = 033210451F06828A00D94392 /* ding.mp3 */; };
/* End PBXBuildFile section */

/* Begin PBXFileReference section */
		033210291F06472600D94392 /* EggTimer.app */ = {isa = PBXFileReference; explicitFileType = wrapper.application; includeInIndex = 0; path = EggTimer.app; sourceTree = BUILT_PRODUCTS_DIR; };
		0332102C1F06472600D94392 /* AppDelegate.swift */ = {isa = PBXFileReference; lastKnownFileType = sourcecode.swift; path = AppDelegate.swift; sourceTree = "<group>"; };
		0332102E1F06472600D94392 /* ViewController.swift */ = {isa = PBXFileReference; lastKnownFileType = sourcecode.swift; path = ViewController.swift; sourceTree = "<group>"; };
		033210301F06472600D94392 /* Assets.xcassets */ = {isa = PBXFileReference; lastKnownFileType = folder.assetcatalog; path = Assets.xcassets; sourceTree = "<group>"; };
		033210331F06472600D94392 /* Base */ = {isa = PBXFileReference; lastKnownFileType = file.storyboard; name = Base; path = Base.lproj/Main.storyboard; sourceTree = "<group>"; };
		033210351F06472600D94392 /* Info.plist */ = {isa = PBXFileReference; lastKnownFileType = text.plist.xml; path = Info.plist; sourceTree = "<group>"; };
		0332103B1F06505200D94392 /* PrefsViewController.swift */ = {isa = PBXFileReference; fileEncoding = 4; lastKnownFileType = sourcecode.swift; path = PrefsViewController.swift; sourceTree = "<group>"; };
		0332103D1F06564600D94392 /* EggTimer.entitlements */ = {isa = PBXFileReference; lastKnownFileType = text.plist.entitlements; path = EggTimer.entitlements; sourceTree = "<group>"; };
		033210411F06573700D94392 /* EggTimer.swift */ = {isa = PBXFileReference; fileEncoding = 4; lastKnownFileType = sourcecode.swift; path = EggTimer.swift; sourceTree = "<group>"; };
		033210431F067B0D00D94392 /* Preferences.swift */ = {isa = PBXFileReference; fileEncoding = 4; lastKnownFileType = sourcecode.swift; path = Preferences.swift; sourceTree = "<group>"; };
		033210451F06828A00D94392 /* ding.mp3 */ = {isa = PBXFileReference; lastKnownFileType = audio.mp3; path = ding.mp3; sourceTree = "<group>"; };
/* End PBXFileReference section */

/* Begin PBXFrameworksBuildPhase section */
		033210261F06472600D94392 /* Frameworks */ = {
			isa = PBXFrameworksBuildPhase;
			buildActionMask = 2147483647;
			files = (
			);
			runOnlyForDeploymentPostprocessing = 0;
		};
/* End PBXFrameworksBuildPhase section */

/* Begin PBXGroup section */
		033210201F06472600D94392 = {
			isa = PBXGroup;
			children = (
				0332102B1F06472600D94392 /* EggTimer */,
				033210401F0656B700D94392 /* Supporting Files */,
				0332102A1F06472600D94392 /* Products */,
			);
			sourceTree = "<group>";
		};
		0332102A1F06472600D94392 /* Products */ = {
			isa = PBXGroup;
			children = (
				033210291F06472600D94392 /* EggTimer.app */,
			);
			name = Products;
			sourceTree = "<group>";
		};
		0332102B1F06472600D94392 /* EggTimer */ = {
			isa = PBXGroup;
			children = (
				0332102C1F06472600D94392 /* AppDelegate.swift */,
				0332103E1F06567900D94392 /* View Controllers */,
				0332103F1F06569900D94392 /* Model */,
				033210301F06472600D94392 /* Assets.xcassets */,
				033210321F06472600D94392 /* Main.storyboard */,
				033210451F06828A00D94392 /* ding.mp3 */,
			);
			path = EggTimer;
			sourceTree = "<group>";
		};
		0332103E1F06567900D94392 /* View Controllers */ = {
			isa = PBXGroup;
			children = (
				0332102E1F06472600D94392 /* ViewController.swift */,
				0332103B1F06505200D94392 /* PrefsViewController.swift */,
			);
			name = "View Controllers";
			sourceTree = "<group>";
		};
		0332103F1F06569900D94392 /* Model */ = {
			isa = PBXGroup;
			children = (
				033210411F06573700D94392 /* EggTimer.swift */,
				033210431F067B0D00D94392 /* Preferences.swift */,
			);
			name = Model;
			sourceTree = "<group>";
		};
		033210401F0656B700D94392 /* Supporting Files */ = {
			isa = PBXGroup;
			children = (
				0332103D1F06564600D94392 /* EggTimer.entitlements */,
				033210351F06472600D94392 /* Info.plist */,
			);
			name = "Supporting Files";
			path = EggTimer;
			sourceTree = "<group>";
		};
/* End PBXGroup section */

/* Begin PBXNativeTarget section */
		033210281F06472600D94392 /* EggTimer */ = {
			isa = PBXNativeTarget;
			buildConfigurationList = 033210381F06472600D94392 /* Build configuration list for PBXNativeTarget "EggTimer" */;
			buildPhases = (
				033210251F06472600D94392 /* Sources */,
				033210261F06472600D94392 /* Frameworks */,
				033210271F06472600D94392 /* Resources */,
			);
			buildRules = (
			);
			dependencies = (
			);
			name = EggTimer;
			productName = EggTimer;
			productReference = 033210291F06472600D94392 /* EggTimer.app */;
			productType = "com.apple.product-type.application";
		};
/* End PBXNativeTarget section */

/* Begin PBXProject section */
		033210211F06472600D94392 /* Project object */ = {
			isa = PBXProject;
			attributes = {
				LastSwiftUpdateCheck = 0830;
				LastUpgradeCheck = 0830;
				ORGANIZATIONNAME = "Arnaud LEMAIRE";
				TargetAttributes = {
					033210281F06472600D94392 = {
						CreatedOnToolsVersion = 8.3.3;
						ProvisioningStyle = Automatic;
						SystemCapabilities = {
							com.apple.Sandbox = {
								enabled = 1;
							};
						};
					};
				};
			};
			buildConfigurationList = 033210241F06472600D94392 /* Build configuration list for PBXProject "EggTimer" */;
			compatibilityVersion = "Xcode 3.2";
			developmentRegion = English;
			hasScannedForEncodings = 0;
			knownRegions = (
				en,
				Base,
			);
			mainGroup = 033210201F06472600D94392;
			productRefGroup = 0332102A1F06472600D94392 /* Products */;
			projectDirPath = "";
			projectRoot = "";
			targets = (
				033210281F06472600D94392 /* EggTimer */,
			);
		};
/* End PBXProject section */

/* Begin PBXResourcesBuildPhase section */
		033210271F06472600D94392 /* Resources */ = {
			isa = PBXResourcesBuildPhase;
			buildActionMask = 2147483647;
			files = (
				033210311F06472600D94392 /* Assets.xcassets in Resources */,
				033210341F06472600D94392 /* Main.storyboard in Resources */,
				033210461F06828A00D94392 /* ding.mp3 in Resources */,
			);
			runOnlyForDeploymentPostprocessing = 0;
		};
/* End PBXResourcesBuildPhase section */

/* Begin PBXSourcesBuildPhase section */
		033210251F06472600D94392 /* Sources */ = {
			isa = PBXSourcesBuildPhase;
			buildActionMask = 2147483647;
			files = (
				0332102F1F06472600D94392 /* ViewController.swift in Sources */,
				033210421F06573700D94392 /* EggTimer.swift in Sources */,
				033210441F067B0D00D94392 /* Preferences.swift in Sources */,
				0332103C1F06505200D94392 /* PrefsViewController.swift in Sources */,
				0332102D1F06472600D94392 /* AppDelegate.swift in Sources */,
			);
			runOnlyForDeploymentPostprocessing = 0;
		};
/* End PBXSourcesBuildPhase section */

/* Begin PBXVariantGroup section */
		033210321F06472600D94392 /* Main.storyboard */ = {
			isa = PBXVariantGroup;
			children = (
				033210331F06472600D94392 /* Base */,
			);
			name = Main.storyboard;
			sourceTree = "<group>";
		};
/* End PBXVariantGroup section */

/* Begin XCBuildConfiguration section */
		033210361F06472600D94392 /* Debug */ = {
			isa = XCBuildConfiguration;
			buildSettings = {
				ALWAYS_SEARCH_USER_PATHS = NO;
				CLANG_ANALYZER_NONNULL = YES;
				CLANG_ANALYZER_NUMBER_OBJECT_CONVERSION = YES_AGGRESSIVE;
				CLANG_CXX_LANGUAGE_STANDARD = "gnu++0x";
				CLANG_CXX_LIBRARY = "libc++";
				CLANG_ENABLE_MODULES = YES;
				CLANG_ENABLE_OBJC_ARC = YES;
				CLANG_WARN_BOOL_CONVERSION = YES;
				CLANG_WARN_CONSTANT_CONVERSION = YES;
				CLANG_WARN_DIRECT_OBJC_ISA_USAGE = YES_ERROR;
				CLANG_WARN_DOCUMENTATION_COMMENTS = YES;
				CLANG_WARN_EMPTY_BODY = YES;
				CLANG_WARN_ENUM_CONVERSION = YES;
				CLANG_WARN_INFINITE_RECURSION = YES;
				CLANG_WARN_INT_CONVERSION = YES;
				CLANG_WARN_OBJC_ROOT_CLASS = YES_ERROR;
				CLANG_WARN_SUSPICIOUS_MOVE = YES;
				CLANG_WARN_UNREACHABLE_CODE = YES;
				CLANG_WARN__DUPLICATE_METHOD_MATCH = YES;
				CODE_SIGN_IDENTITY = "-";
				COPY_PHASE_STRIP = NO;
				DEBUG_INFORMATION_FORMAT = dwarf;
				ENABLE_STRICT_OBJC_MSGSEND = YES;
				ENABLE_TESTABILITY = YES;
				GCC_C_LANGUAGE_STANDARD = gnu99;
				GCC_DYNAMIC_NO_PIC = NO;
				GCC_NO_COMMON_BLOCKS = YES;
				GCC_OPTIMIZATION_LEVEL = 0;
				GCC_PREPROCESSOR_DEFINITIONS = (
					"DEBUG=1",
					"$(inherited)",
				);
				GCC_WARN_64_TO_32_BIT_CONVERSION = YES;
				GCC_WARN_ABOUT_RETURN_TYPE = YES_ERROR;
				GCC_WARN_UNDECLARED_SELECTOR = YES;
				GCC_WARN_UNINITIALIZED_AUTOS = YES_AGGRESSIVE;
				GCC_WARN_UNUSED_FUNCTION = YES;
				GCC_WARN_UNUSED_VARIABLE = YES;
				MACOSX_DEPLOYMENT_TARGET = 10.12;
				MTL_ENABLE_DEBUG_INFO = YES;
				ONLY_ACTIVE_ARCH = YES;
				SDKROOT = macosx;
				SWIFT_ACTIVE_COMPILATION_CONDITIONS = DEBUG;
				SWIFT_OPTIMIZATION_LEVEL = "-Onone";
			};
			name = Debug;
		};
		033210371F06472600D94392 /* Release */ = {
			isa = XCBuildConfiguration;
			buildSettings = {
				ALWAYS_SEARCH_USER_PATHS = NO;
				CLANG_ANALYZER_NONNULL = YES;
				CLANG_ANALYZER_NUMBER_OBJECT_CONVERSION = YES_AGGRESSIVE;
				CLANG_CXX_LANGUAGE_STANDARD = "gnu++0x";
				CLANG_CXX_LIBRARY = "libc++";
				CLANG_ENABLE_MODULES = YES;
				CLANG_ENABLE_OBJC_ARC = YES;
				CLANG_WARN_BOOL_CONVERSION = YES;
				CLANG_WARN_CONSTANT_CONVERSION = YES;
				CLANG_WARN_DIRECT_OBJC_ISA_USAGE = YES_ERROR;
				CLANG_WARN_DOCUMENTATION_COMMENTS = YES;
				CLANG_WARN_EMPTY_BODY = YES;
				CLANG_WARN_ENUM_CONVERSION = YES;
				CLANG_WARN_INFINITE_RECURSION = YES;
				CLANG_WARN_INT_CONVERSION = YES;
				CLANG_WARN_OBJC_ROOT_CLASS = YES_ERROR;
				CLANG_WARN_SUSPICIOUS_MOVE = YES;
				CLANG_WARN_UNREACHABLE_CODE = YES;
				CLANG_WARN__DUPLICATE_METHOD_MATCH = YES;
				CODE_SIGN_IDENTITY = "-";
				COPY_PHASE_STRIP = NO;
				DEBUG_INFORMATION_FORMAT = "dwarf-with-dsym";
				ENABLE_NS_ASSERTIONS = NO;
				ENABLE_STRICT_OBJC_MSGSEND = YES;
				GCC_C_LANGUAGE_STANDARD = gnu99;
				GCC_NO_COMMON_BLOCKS = YES;
				GCC_WARN_64_TO_32_BIT_CONVERSION = YES;
				GCC_WARN_ABOUT_RETURN_TYPE = YES_ERROR;
				GCC_WARN_UNDECLARED_SELECTOR = YES;
				GCC_WARN_UNINITIALIZED_AUTOS = YES_AGGRESSIVE;
				GCC_WARN_UNUSED_FUNCTION = YES;
				GCC_WARN_UNUSED_VARIABLE = YES;
				MACOSX_DEPLOYMENT_TARGET = 10.12;
				MTL_ENABLE_DEBUG_INFO = NO;
				SDKROOT = macosx;
				SWIFT_OPTIMIZATION_LEVEL = "-Owholemodule";
			};
			name = Release;
		};
		033210391F06472600D94392 /* Debug */ = {
			isa = XCBuildConfiguration;
			buildSettings = {
				ASSETCATALOG_COMPILER_APPICON_NAME = AppIcon;
				CODE_SIGN_ENTITLEMENTS = EggTimer/EggTimer.entitlements;
				COMBINE_HIDPI_IMAGES = YES;
				INFOPLIST_FILE = EggTimer/Info.plist;
				LD_RUNPATH_SEARCH_PATHS = "$(inherited) @executable_path/../Frameworks";
				PRODUCT_BUNDLE_IDENTIFIER = fr.quantis.EggTimer;
				PRODUCT_NAME = "$(TARGET_NAME)";
				SWIFT_VERSION = 3.0;
			};
			name = Debug;
		};
		0332103A1F06472600D94392 /* Release */ = {
			isa = XCBuildConfiguration;
			buildSettings = {
				ASSETCATALOG_COMPILER_APPICON_NAME = AppIcon;
				CODE_SIGN_ENTITLEMENTS = EggTimer/EggTimer.entitlements;
				COMBINE_HIDPI_IMAGES = YES;
				INFOPLIST_FILE = EggTimer/Info.plist;
				LD_RUNPATH_SEARCH_PATHS = "$(inherited) @executable_path/../Frameworks";
				PRODUCT_BUNDLE_IDENTIFIER = fr.quantis.EggTimer;
				PRODUCT_NAME = "$(TARGET_NAME)";
				SWIFT_VERSION = 3.0;
			};
			name = Release;
		};
/* End XCBuildConfiguration section */

/* Begin XCConfigurationList section */
		033210241F06472600D94392 /* Build configuration list for PBXProject "EggTimer" */ = {
			isa = XCConfigurationList;
			buildConfigurations = (
				033210361F06472600D94392 /* Debug */,
				033210371F06472600D94392 /* Release */,
			);
			defaultConfigurationIsVisible = 0;
			defaultConfigurationName = Release;
		};
		033210381F06472600D94392 /* Build configuration list for PBXNativeTarget "EggTimer" */ = {
			isa = XCConfigurationList;
			buildConfigurations = (
				033210391F06472600D94392 /* Debug */,
				0332103A1F06472600D94392 /* Release */,
			);
			defaultConfigurationIsVisible = 0;
		};
/* End XCConfigurationList section */
	};
	rootObject = 033210211F06472600D94392 /* Project object */;
}
