# THIS IS AN AUTOGENERATED FILE. DO NOT EDIT THIS FILE DIRECTLY.
# yarn lockfile v1


mnist@^1.1.0:
  version "1.1.0"
  resolved "https://registry.yarnpkg.com/mnist/-/mnist-1.1.0.tgz#b83efc6af88d8db53b196665acdb50cf524bd2ba"

synaptic@^1.1.4:
  version "1.1.4"
  resolved "https://registry.yarnpkg.com/synaptic/-/synaptic-1.1.4.tgz#b058163e2e86a3f86fc964ab792496c0642c13d7"
